
Microsoft Visual Studio Solution File, Format Version 12.00
# Visual Studio Version 16
VisualStudioVersion = 16.0.29613.14
MinimumVisualStudioVersion = 10.0.40219.1
Project("{FAE04EC0-301F-11D3-BF4B-00C04F79EFBC}") = "LaptopServiceUI", "ConsoleApp1\LaptopServiceUI.csproj", "{144D71E5-3DAC-4842-8677-EBEFF5FE66FC}"
EndProject
Project("{FAE04EC0-301F-11D3-BF4B-00C04F79EFBC}") = "LaptopServiceLib", "LaptopServiceLib\LaptopServiceLib.csproj", "{4EBFBDC1-FA62-429E-8415-0457571AC360}"
EndProject
Global
	GlobalSection(SolutionConfigurationPlatforms) = preSolution
		Debug|Any CPU = Debug|Any CPU
		Release|Any CPU = Release|Any CPU
	EndGlobalSection
	GlobalSection(ProjectConfigurationPlatforms) = postSolution
		{144D71E5-3DAC-4842-8677-EBEFF5FE66FC}.Debug|Any CPU.ActiveCfg = Debug|Any CPU
		{144D71E5-3DAC-4842-8677-EBEFF5FE66FC}.Debug|Any CPU.Build.0 = Debug|Any CPU
		{144D71E5-3DAC-4842-8677-EBEFF5FE66FC}.Release|Any CPU.ActiveCfg = Release|Any CPU
		{144D71E5-3DAC-4842-8677-EBEFF5FE66FC}.Release|Any CPU.Build.0 = Release|Any CPU
		{4EBFBDC1-FA62-429E-8415-0457571AC360}.Debug|Any CPU.ActiveCfg = Debug|Any CPU
		{4EBFBDC1-FA62-429E-8415-0457571AC360}.Debug|Any CPU.Build.0 = Debug|Any CPU
		{4EBFBDC1-FA62-429E-8415-0457571AC360}.Release|Any CPU.ActiveCfg = Release|Any CPU
		{4EBFBDC1-FA62-429E-8415-0457571AC360}.Release|Any CPU.Build.0 = Release|Any CPU
	EndGlobalSection
	GlobalSection(SolutionProperties) = preSolution
		HideSolutionNode = FALSE
	EndGlobalSection
	GlobalSection(ExtensibilityGlobals) = postSolution
		SolutionGuid = {D785DFB6-AC1A-4EA5-BCA3-5CFDA8986EC1}
	EndGlobalSection
EndGlobal
