
Microsoft Visual Studio Solution File, Format Version 12.00
# Visual Studio Version 16
VisualStudioVersion = 16.0.29613.14
MinimumVisualStudioVersion = 10.0.40219.1
Project("{FAE04EC0-301F-11D3-BF4B-00C04F79EFBC}") = "Calculator", "Calculator\Calculator.csproj", "{A6982A0F-99C1-46F1-9D16-A6763DB517D1}"
EndProject
Global
	GlobalSection(SolutionConfigurationPlatforms) = preSolution
		Debug|Any CPU = Debug|Any CPU
		Release|Any CPU = Release|Any CPU
	EndGlobalSection
	GlobalSection(ProjectConfigurationPlatforms) = postSolution
		{A6982A0F-99C1-46F1-9D16-A6763DB517D1}.Debug|Any CPU.ActiveCfg = Debug|Any CPU
		{A6982A0F-99C1-46F1-9D16-A6763DB517D1}.Debug|Any CPU.Build.0 = Debug|Any CPU
		{A6982A0F-99C1-46F1-9D16-A6763DB517D1}.Release|Any CPU.ActiveCfg = Release|Any CPU
		{A6982A0F-99C1-46F1-9D16-A6763DB517D1}.Release|Any CPU.Build.0 = Release|Any CPU
	EndGlobalSection
	GlobalSection(SolutionProperties) = preSolution
		HideSolutionNode = FALSE
	EndGlobalSection
	GlobalSection(ExtensibilityGlobals) = postSolution
		SolutionGuid = {50CC20D4-97BC-4528-B8C5-D1CCA8FF6149}
	EndGlobalSection
EndGlobal
