
Microsoft Visual Studio Solution File, Format Version 12.00
# Visual Studio Version 16
VisualStudioVersion = 16.0.29613.14
MinimumVisualStudioVersion = 10.0.40219.1
Project("{FAE04EC0-301F-11D3-BF4B-00C04F79EFBC}") = "Exceptions", "Exceptions\Exceptions.csproj", "{B52321E6-B884-446B-948F-87652CF377CE}"
EndProject
Global
	GlobalSection(SolutionConfigurationPlatforms) = preSolution
		Debug|Any CPU = Debug|Any CPU
		Release|Any CPU = Release|Any CPU
	EndGlobalSection
	GlobalSection(ProjectConfigurationPlatforms) = postSolution
		{B52321E6-B884-446B-948F-87652CF377CE}.Debug|Any CPU.ActiveCfg = Debug|Any CPU
		{B52321E6-B884-446B-948F-87652CF377CE}.Debug|Any CPU.Build.0 = Debug|Any CPU
		{B52321E6-B884-446B-948F-87652CF377CE}.Release|Any CPU.ActiveCfg = Release|Any CPU
		{B52321E6-B884-446B-948F-87652CF377CE}.Release|Any CPU.Build.0 = Release|Any CPU
	EndGlobalSection
	GlobalSection(SolutionProperties) = preSolution
		HideSolutionNode = FALSE
	EndGlobalSection
	GlobalSection(ExtensibilityGlobals) = postSolution
		SolutionGuid = {C1A2ADD4-03DA-49B3-8D4B-8E7E7A552BDB}
	EndGlobalSection
EndGlobal
